
Microsoft Visual Studio Solution File, Format Version 12.00
# Visual Studio Version 17
VisualStudioVersion = 17.0.31903.59
MinimumVisualStudioVersion = 10.0.40219.1
Project("{2150E333-8FDC-42A3-9474-1A3956D46DE8}") = "api-gateway", "api-gateway", "{702FE086-BFA7-4B4C-A60E-ACF6FB9BA618}"
EndProject
Project("{2150E333-8FDC-42A3-9474-1A3956D46DE8}") = "src", "src", "{271B890A-46CB-4878-B70F-05CB98785206}"
EndProject
Project("{FAE04EC0-301F-11D3-BF4B-00C04F79EFBC}") = "ProjectManagement.ApiGateway", "api-gateway\src\ProjectManagement.ApiGateway\ProjectManagement.ApiGateway.csproj", "{7F52F4A9-77BF-4396-910C-DD1315F094DA}"
EndProject
Project("{2150E333-8FDC-42A3-9474-1A3956D46DE8}") = "discovery-server", "discovery-server", "{39927CC3-4255-4C81-8126-29F4C5A5B16C}"
EndProject
Project("{2150E333-8FDC-42A3-9474-1A3956D46DE8}") = "src", "src", "{AAC454E7-6F4C-46E1-B85E-485F18B8A379}"
EndProject
Project("{FAE04EC0-301F-11D3-BF4B-00C04F79EFBC}") = "ProjectManagement.DiscoveryServer", "discovery-server\src\ProjectManagement.DiscoveryServer\ProjectManagement.DiscoveryServer.csproj", "{C0247EC6-1D49-4890-BF18-29251FFEAB47}"
EndProject
Project("{2150E333-8FDC-42A3-9474-1A3956D46DE8}") = "company-api", "company-api", "{B9849631-8253-492A-A7B7-E60A64C50858}"
EndProject
Project("{2150E333-8FDC-42A3-9474-1A3956D46DE8}") = "src", "src", "{51ABEF4E-2E46-4AE1-A864-98CE5AD941A3}"
EndProject
Project("{FAE04EC0-301F-11D3-BF4B-00C04F79EFBC}") = "ProjectManagement.Company.Api", "company-api\src\ProjectManagement.Company.Api\ProjectManagement.Company.Api.csproj", "{15AD6B20-9914-44F2-A177-E618E79C357E}"
EndProject
Project("{2150E333-8FDC-42A3-9474-1A3956D46DE8}") = "project-api", "project-api", "{BA9B6947-466A-4F62-84D2-23098AB2E8FA}"
EndProject
Project("{2150E333-8FDC-42A3-9474-1A3956D46DE8}") = "src", "src", "{2017EF9B-B509-4B04-B92A-26D9A636993F}"
EndProject
Project("{FAE04EC0-301F-11D3-BF4B-00C04F79EFBC}") = "ProjectManagement.Project.Api", "project-api\src\ProjectManagement.Project.Api\ProjectManagement.Project.Api.csproj", "{316160AA-F160-426F-8476-A37D2A3A70C3}"
EndProject
Project("{2150E333-8FDC-42A3-9474-1A3956D46DE8}") = "SolutionItems", "SolutionItems", "{02E81B77-D7E2-4BBA-B50F-423E375682C0}"
	ProjectSection(SolutionItems) = preProject
		README.MD = README.MD
	EndProjectSection
EndProject
Global
	GlobalSection(SolutionConfigurationPlatforms) = preSolution
		Debug|Any CPU = Debug|Any CPU
		Release|Any CPU = Release|Any CPU
	EndGlobalSection
	GlobalSection(SolutionProperties) = preSolution
		HideSolutionNode = FALSE
	EndGlobalSection
	GlobalSection(ProjectConfigurationPlatforms) = postSolution
		{7F52F4A9-77BF-4396-910C-DD1315F094DA}.Debug|Any CPU.ActiveCfg = Debug|Any CPU
		{7F52F4A9-77BF-4396-910C-DD1315F094DA}.Debug|Any CPU.Build.0 = Debug|Any CPU
		{7F52F4A9-77BF-4396-910C-DD1315F094DA}.Release|Any CPU.ActiveCfg = Release|Any CPU
		{7F52F4A9-77BF-4396-910C-DD1315F094DA}.Release|Any CPU.Build.0 = Release|Any CPU
		{C0247EC6-1D49-4890-BF18-29251FFEAB47}.Debug|Any CPU.ActiveCfg = Debug|Any CPU
		{C0247EC6-1D49-4890-BF18-29251FFEAB47}.Debug|Any CPU.Build.0 = Debug|Any CPU
		{C0247EC6-1D49-4890-BF18-29251FFEAB47}.Release|Any CPU.ActiveCfg = Release|Any CPU
		{C0247EC6-1D49-4890-BF18-29251FFEAB47}.Release|Any CPU.Build.0 = Release|Any CPU
		{15AD6B20-9914-44F2-A177-E618E79C357E}.Debug|Any CPU.ActiveCfg = Debug|Any CPU
		{15AD6B20-9914-44F2-A177-E618E79C357E}.Debug|Any CPU.Build.0 = Debug|Any CPU
		{15AD6B20-9914-44F2-A177-E618E79C357E}.Release|Any CPU.ActiveCfg = Release|Any CPU
		{15AD6B20-9914-44F2-A177-E618E79C357E}.Release|Any CPU.Build.0 = Release|Any CPU
		{316160AA-F160-426F-8476-A37D2A3A70C3}.Debug|Any CPU.ActiveCfg = Debug|Any CPU
		{316160AA-F160-426F-8476-A37D2A3A70C3}.Debug|Any CPU.Build.0 = Debug|Any CPU
		{316160AA-F160-426F-8476-A37D2A3A70C3}.Release|Any CPU.ActiveCfg = Release|Any CPU
		{316160AA-F160-426F-8476-A37D2A3A70C3}.Release|Any CPU.Build.0 = Release|Any CPU
	EndGlobalSection
	GlobalSection(NestedProjects) = preSolution
		{271B890A-46CB-4878-B70F-05CB98785206} = {702FE086-BFA7-4B4C-A60E-ACF6FB9BA618}
		{7F52F4A9-77BF-4396-910C-DD1315F094DA} = {271B890A-46CB-4878-B70F-05CB98785206}
		{AAC454E7-6F4C-46E1-B85E-485F18B8A379} = {39927CC3-4255-4C81-8126-29F4C5A5B16C}
		{C0247EC6-1D49-4890-BF18-29251FFEAB47} = {AAC454E7-6F4C-46E1-B85E-485F18B8A379}
		{51ABEF4E-2E46-4AE1-A864-98CE5AD941A3} = {B9849631-8253-492A-A7B7-E60A64C50858}
		{15AD6B20-9914-44F2-A177-E618E79C357E} = {51ABEF4E-2E46-4AE1-A864-98CE5AD941A3}
		{2017EF9B-B509-4B04-B92A-26D9A636993F} = {BA9B6947-466A-4F62-84D2-23098AB2E8FA}
		{316160AA-F160-426F-8476-A37D2A3A70C3} = {2017EF9B-B509-4B04-B92A-26D9A636993F}
	EndGlobalSection
EndGlobal
